
Microsoft Visual Studio Solution File, Format Version 12.00
# Visual Studio Version 17
VisualStudioVersion = 17.5.33424.131
MinimumVisualStudioVersion = 10.0.40219.1
Project("{FAE04EC0-301F-11D3-BF4B-00C04F79EFBC}") = "ChallengeApp2", "ChallengeApp2\ChallengeApp2.csproj", "{D062EF7B-4C29-42BE-B573-FAE21CE4399A}"
EndProject
Global
	GlobalSection(SolutionConfigurationPlatforms) = preSolution
		Debug|Any CPU = Debug|Any CPU
		Release|Any CPU = Release|Any CPU
	EndGlobalSection
	GlobalSection(ProjectConfigurationPlatforms) = postSolution
		{D062EF7B-4C29-42BE-B573-FAE21CE4399A}.Debug|Any CPU.ActiveCfg = Debug|Any CPU
		{D062EF7B-4C29-42BE-B573-FAE21CE4399A}.Debug|Any CPU.Build.0 = Debug|Any CPU
		{D062EF7B-4C29-42BE-B573-FAE21CE4399A}.Release|Any CPU.ActiveCfg = Release|Any CPU
		{D062EF7B-4C29-42BE-B573-FAE21CE4399A}.Release|Any CPU.Build.0 = Release|Any CPU
	EndGlobalSection
	GlobalSection(SolutionProperties) = preSolution
		HideSolutionNode = FALSE
	EndGlobalSection
	GlobalSection(ExtensibilityGlobals) = postSolution
		SolutionGuid = {9559A9F4-5D2B-48A9-AD37-CA60202B3EF2}
	EndGlobalSection
EndGlobal
